
Microsoft Visual Studio Solution File, Format Version 11.00
# Visual Studio 2010
Project("{FAE04EC0-301F-11D3-BF4B-00C04F79EFBC}") = "KissDTO", "KissDTO\KissDTO.csproj", "{235E05F3-3158-42ED-8BC8-CCCF47B5C1B6}"
EndProject
Project("{FAE04EC0-301F-11D3-BF4B-00C04F79EFBC}") = "KissDTO.UnitTests", "KissDTO.UnitTests\KissDTO.UnitTests.csproj", "{8E8F27B1-5419-44D3-A57B-E307542AF77A}"
EndProject
Project("{2150E333-8FDC-42A3-9474-1A3956D46DE8}") = "Solution Items", "Solution Items", "{C13E3CAB-50B6-4FB5-926D-3976D2374669}"
	ProjectSection(SolutionItems) = preProject
		KissDTO.vsmdi = KissDTO.vsmdi
		Local.testsettings = Local.testsettings
		TraceAndTestImpact.testsettings = TraceAndTestImpact.testsettings
	EndProjectSection
EndProject
Global
	GlobalSection(TestCaseManagementSettings) = postSolution
		CategoryFile = KissDTO.vsmdi
	EndGlobalSection
	GlobalSection(SolutionConfigurationPlatforms) = preSolution
		Debug|Any CPU = Debug|Any CPU
		Release|Any CPU = Release|Any CPU
	EndGlobalSection
	GlobalSection(ProjectConfigurationPlatforms) = postSolution
		{235E05F3-3158-42ED-8BC8-CCCF47B5C1B6}.Debug|Any CPU.ActiveCfg = Debug|Any CPU
		{235E05F3-3158-42ED-8BC8-CCCF47B5C1B6}.Debug|Any CPU.Build.0 = Debug|Any CPU
		{235E05F3-3158-42ED-8BC8-CCCF47B5C1B6}.Release|Any CPU.ActiveCfg = Release|Any CPU
		{235E05F3-3158-42ED-8BC8-CCCF47B5C1B6}.Release|Any CPU.Build.0 = Release|Any CPU
		{8E8F27B1-5419-44D3-A57B-E307542AF77A}.Debug|Any CPU.ActiveCfg = Debug|Any CPU
		{8E8F27B1-5419-44D3-A57B-E307542AF77A}.Debug|Any CPU.Build.0 = Debug|Any CPU
		{8E8F27B1-5419-44D3-A57B-E307542AF77A}.Release|Any CPU.ActiveCfg = Release|Any CPU
		{8E8F27B1-5419-44D3-A57B-E307542AF77A}.Release|Any CPU.Build.0 = Release|Any CPU
	EndGlobalSection
	GlobalSection(SolutionProperties) = preSolution
		HideSolutionNode = FALSE
	EndGlobalSection
EndGlobal
